
Microsoft Visual Studio Solution File, Format Version 12.00
# Visual Studio 15
VisualStudioVersion = 15.0.28307.168
MinimumVisualStudioVersion = 10.0.40219.1
Project("{8BC9CEB8-8B4A-11D0-8D11-00A0C91BC942}") = "Inventory Management System", "Inventory Management System\Inventory Management System.vcxproj", "{5BF48BEE-DE89-4735-992E-D26C3D52BD37}"
EndProject
Global
	GlobalSection(SolutionConfigurationPlatforms) = preSolution
		Debug|x64 = Debug|x64
		Debug|x86 = Debug|x86
		Release|x64 = Release|x64
		Release|x86 = Release|x86
	EndGlobalSection
	GlobalSection(ProjectConfigurationPlatforms) = postSolution
		{5BF48BEE-DE89-4735-992E-D26C3D52BD37}.Debug|x64.ActiveCfg = Debug|x64
		{5BF48BEE-DE89-4735-992E-D26C3D52BD37}.Debug|x64.Build.0 = Debug|x64
		{5BF48BEE-DE89-4735-992E-D26C3D52BD37}.Debug|x86.ActiveCfg = Debug|Win32
		{5BF48BEE-DE89-4735-992E-D26C3D52BD37}.Debug|x86.Build.0 = Debug|Win32
		{5BF48BEE-DE89-4735-992E-D26C3D52BD37}.Release|x64.ActiveCfg = Release|x64
		{5BF48BEE-DE89-4735-992E-D26C3D52BD37}.Release|x64.Build.0 = Release|x64
		{5BF48BEE-DE89-4735-992E-D26C3D52BD37}.Release|x86.ActiveCfg = Release|Win32
		{5BF48BEE-DE89-4735-992E-D26C3D52BD37}.Release|x86.Build.0 = Release|Win32
	EndGlobalSection
	GlobalSection(SolutionProperties) = preSolution
		HideSolutionNode = FALSE
	EndGlobalSection
	GlobalSection(ExtensibilityGlobals) = postSolution
		SolutionGuid = {DFCF099D-DA13-4E43-9DFB-1521A335DB22}
	EndGlobalSection
EndGlobal
